# @generated - this file is auto-generated by `mise lock` https://mise.jdx.dev/dev-tools/mise-lock.html

lockfile_version = 1

[[tools.age]]
version = "1.3.2"
backend = "aqua:FiloSottile/age"
specifiers = ["1.3.2"]

[tools.age."platforms.linux-arm64"]
checksum = "sha256:6b8dc4333c53a5a57c9e5834e3a48f92605d7154014cd07269ff3327db5d37f4"
url = "https://github.com/FiloSottile/age/releases/download/v1.3.2/age-v1.3.2-linux-arm64.tar.gz"
url_api = "https://api.github.com/repos/FiloSottile/age/releases/assets/535541932"
provenance = "github-attestations"

[tools.age."platforms.linux-arm64-musl"]
checksum = "sha256:6b8dc4333c53a5a57c9e5834e3a48f92605d7154014cd07269ff3327db5d37f4"
url = "https://github.com/FiloSottile/age/releases/download/v1.3.2/age-v1.3.2-linux-arm64.tar.gz"
url_api = "https://api.github.com/repos/FiloSottile/age/releases/assets/535541932"
provenance = "github-attestations"

[tools.age."platforms.linux-x64"]
checksum = "sha256:cbe24006683f8eb669266162894b9a522a1af52f2665fbc63a4bb032ed26ac10"
url = "https://github.com/FiloSottile/age/releases/download/v1.3.2/age-v1.3.2-linux-amd64.tar.gz"
url_api = "https://api.github.com/repos/FiloSottile/age/releases/assets/535541903"
provenance = "github-attestations"

[tools.age."platforms.linux-x64-musl"]
checksum = "sha256:cbe24006683f8eb669266162894b9a522a1af52f2665fbc63a4bb032ed26ac10"
url = "https://github.com/FiloSottile/age/releases/download/v1.3.2/age-v1.3.2-linux-amd64.tar.gz"
url_api = "https://api.github.com/repos/FiloSottile/age/releases/assets/535541903"
provenance = "github-attestations"

[tools.age."platforms.macos-arm64"]
checksum = "sha256:e2020b073c44f692685a24d6abc378817eb81ffaaf49fd0531ef8565f767f2f5"
url = "https://github.com/FiloSottile/age/releases/download/v1.3.2/age-v1.3.2-darwin-arm64.tar.gz"
url_api = "https://api.github.com/repos/FiloSottile/age/releases/assets/535541897"
provenance = "github-attestations"

[tools.age."platforms.macos-x64"]
checksum = "sha256:1d1e4bc66e1427edad7739ae7616157de0e79db8b6d2a1497d7d9925fb06a539"
url = "https://github.com/FiloSottile/age/releases/download/v1.3.2/age-v1.3.2-darwin-amd64.tar.gz"
url_api = "https://api.github.com/repos/FiloSottile/age/releases/assets/535541887"
provenance = "github-attestations"

[tools.age."platforms.windows-x64"]
checksum = "sha256:f48d8f8f9ebe903ab5027ed067652f2cc1db94bc206976430133b905dcd8e8c7"
url = "https://github.com/FiloSottile/age/releases/download/v1.3.2/age-v1.3.2-windows-amd64.zip"
url_api = "https://api.github.com/repos/FiloSottile/age/releases/assets/535541937"
provenance = "github-attestations"

[[tools.cocogitto]]
version = "7.0.0"
backend = "aqua:cocogitto/cocogitto"
specifiers = ["7.0.0"]

[tools.cocogitto."platforms.linux-arm64"]
checksum = "sha256:379949f50c4f8245ef9532913e83f351c048b55e40ebd52ed8a850642c07a753"
url = "https://github.com/cocogitto/cocogitto/releases/download/7.0.0/cocogitto-7.0.0-aarch64-unknown-linux-gnu.tar.gz"
url_api = "https://api.github.com/repos/cocogitto/cocogitto/releases/assets/366659384"

[tools.cocogitto."platforms.linux-x64"]
checksum = "sha256:e03938ff2c4c86d71c00c0f3284dbbe95c5ca76fe34a51f33e945c23010d59bb"
url = "https://github.com/cocogitto/cocogitto/releases/download/7.0.0/cocogitto-7.0.0-x86_64-unknown-linux-musl.tar.gz"
url_api = "https://api.github.com/repos/cocogitto/cocogitto/releases/assets/366659350"

[tools.cocogitto."platforms.linux-x64-musl"]
checksum = "sha256:e03938ff2c4c86d71c00c0f3284dbbe95c5ca76fe34a51f33e945c23010d59bb"
url = "https://github.com/cocogitto/cocogitto/releases/download/7.0.0/cocogitto-7.0.0-x86_64-unknown-linux-musl.tar.gz"
url_api = "https://api.github.com/repos/cocogitto/cocogitto/releases/assets/366659350"

[tools.cocogitto."platforms.macos-arm64"]
checksum = "sha256:429303b6d68c6461aa221ab4de82b26d0bbcdee7127947ea9c7c411ab9bc574c"
url = "https://github.com/cocogitto/cocogitto/releases/download/7.0.0/cocogitto-7.0.0-aarch64-apple-darwin.tar.gz"
url_api = "https://api.github.com/repos/cocogitto/cocogitto/releases/assets/366659431"

[tools.cocogitto."platforms.macos-x64"]
checksum = "sha256:591dcd462e2e35ecc21caf41a15a65d464b7ce1ce8a5c299fa0d46a7798dddb0"
url = "https://github.com/cocogitto/cocogitto/releases/download/7.0.0/cocogitto-7.0.0-x86_64-apple-darwin.tar.gz"
url_api = "https://api.github.com/repos/cocogitto/cocogitto/releases/assets/366659418"

[tools.cocogitto."platforms.windows-x64"]
checksum = "sha256:074f68f05d270da5c0d69d3e234ec362bec4c6e3189c21d1c948d038603655d7"
url = "https://github.com/cocogitto/cocogitto/releases/download/7.0.0/cocogitto-7.0.0-x86_64-pc-windows-msvc.tar.gz"
url_api = "https://api.github.com/repos/cocogitto/cocogitto/releases/assets/366659399"

[[tools.gh]]
version = "2.100.0"
backend = "aqua:cli/cli"
specifiers = ["2.100.0"]

[tools.gh."platforms.linux-arm64"]
checksum = "sha256:ea4e7a581a32ccad6cc7923cb1576ac5859ba4b9a16ab22eb8f8a96e78e2e961"
url = "https://github.com/cli/cli/releases/download/v2.100.0/gh_2.100.0_linux_arm64.tar.gz"
url_api = "https://api.github.com/repos/cli/cli/releases/assets/542974279"
provenance = "github-attestations"

[tools.gh."platforms.linux-arm64-musl"]
checksum = "sha256:ea4e7a581a32ccad6cc7923cb1576ac5859ba4b9a16ab22eb8f8a96e78e2e961"
url = "https://github.com/cli/cli/releases/download/v2.100.0/gh_2.100.0_linux_arm64.tar.gz"
url_api = "https://api.github.com/repos/cli/cli/releases/assets/542974279"
provenance = "github-attestations"

[tools.gh."platforms.linux-x64"]
checksum = "sha256:e4d4bb4498e8d007abe545b6568926793ace1b6447da598294a610018cb164be"
url = "https://github.com/cli/cli/releases/download/v2.100.0/gh_2.100.0_linux_amd64.tar.gz"
url_api = "https://api.github.com/repos/cli/cli/releases/assets/542974264"
provenance = "github-attestations"

[tools.gh."platforms.linux-x64-musl"]
checksum = "sha256:e4d4bb4498e8d007abe545b6568926793ace1b6447da598294a610018cb164be"
url = "https://github.com/cli/cli/releases/download/v2.100.0/gh_2.100.0_linux_amd64.tar.gz"
url_api = "https://api.github.com/repos/cli/cli/releases/assets/542974264"
provenance = "github-attestations"

[tools.gh."platforms.macos-arm64"]
checksum = "sha256:45f9a62da2f6e641a7fad57e2ce39656dfd7ef331372d80a2a2aed65abb01642"
url = "https://github.com/cli/cli/releases/download/v2.100.0/gh_2.100.0_macOS_arm64.zip"
url_api = "https://api.github.com/repos/cli/cli/releases/assets/542974295"
provenance = "github-attestations"

[tools.gh."platforms.macos-x64"]
checksum = "sha256:fcd7799e85eb575f3c7d2b1679bfbfedaefa1269d4bc7d096b51e10939b4812b"
url = "https://github.com/cli/cli/releases/download/v2.100.0/gh_2.100.0_macOS_amd64.zip"
url_api = "https://api.github.com/repos/cli/cli/releases/assets/542974293"
provenance = "github-attestations"

[tools.gh."platforms.windows-x64"]
checksum = "sha256:227e35230b25db3fa1b997bab7cf4d67df0470a3b75b99e4ee66bce1a7cd4e72"
url = "https://github.com/cli/cli/releases/download/v2.100.0/gh_2.100.0_windows_amd64.zip"
url_api = "https://api.github.com/repos/cli/cli/releases/assets/542974322"
provenance = "github-attestations"

[[tools.gitleaks]]
version = "8.30.1"
backend = "aqua:gitleaks/gitleaks"
specifiers = ["8.30.1"]

[tools.gitleaks."platforms.linux-arm64"]
checksum = "sha256:e4a487ee7ccd7d3a7f7ec08657610aa3606637dab924210b3aee62570fb4b080"
url = "https://github.com/gitleaks/gitleaks/releases/download/v8.30.1/gitleaks_8.30.1_linux_arm64.tar.gz"
url_api = "https://api.github.com/repos/gitleaks/gitleaks/releases/assets/378332057"

[tools.gitleaks."platforms.linux-arm64-musl"]
checksum = "sha256:e4a487ee7ccd7d3a7f7ec08657610aa3606637dab924210b3aee62570fb4b080"
url = "https://github.com/gitleaks/gitleaks/releases/download/v8.30.1/gitleaks_8.30.1_linux_arm64.tar.gz"
url_api = "https://api.github.com/repos/gitleaks/gitleaks/releases/assets/378332057"

[tools.gitleaks."platforms.linux-x64"]
checksum = "sha256:551f6fc83ea457d62a0d98237cbad105af8d557003051f41f3e7ca7b3f2470eb"
url = "https://github.com/gitleaks/gitleaks/releases/download/v8.30.1/gitleaks_8.30.1_linux_x64.tar.gz"
url_api = "https://api.github.com/repos/gitleaks/gitleaks/releases/assets/378332058"

[tools.gitleaks."platforms.linux-x64-musl"]
checksum = "sha256:551f6fc83ea457d62a0d98237cbad105af8d557003051f41f3e7ca7b3f2470eb"
url = "https://github.com/gitleaks/gitleaks/releases/download/v8.30.1/gitleaks_8.30.1_linux_x64.tar.gz"
url_api = "https://api.github.com/repos/gitleaks/gitleaks/releases/assets/378332058"

[tools.gitleaks."platforms.macos-arm64"]
checksum = "sha256:b40ab0ae55c505963e365f271a8d3846efbc170aa17f2607f13df610a9aeb6a5"
url = "https://github.com/gitleaks/gitleaks/releases/download/v8.30.1/gitleaks_8.30.1_darwin_arm64.tar.gz"
url_api = "https://api.github.com/repos/gitleaks/gitleaks/releases/assets/378332059"

[tools.gitleaks."platforms.macos-x64"]
checksum = "sha256:dfe101a4db2255fc85120ac7f3d25e4342c3c20cf749f2c20a18081af1952709"
url = "https://github.com/gitleaks/gitleaks/releases/download/v8.30.1/gitleaks_8.30.1_darwin_x64.tar.gz"
url_api = "https://api.github.com/repos/gitleaks/gitleaks/releases/assets/378332053"

[tools.gitleaks."platforms.windows-x64"]
checksum = "sha256:d29144deff3a68aa93ced33dddf84b7fdc26070add4aa0f4513094c8332afc4e"
url = "https://github.com/gitleaks/gitleaks/releases/download/v8.30.1/gitleaks_8.30.1_windows_x64.zip"
url_api = "https://api.github.com/repos/gitleaks/gitleaks/releases/assets/378333178"

[[tools."pipx:ansible"]]
version = "14.4.0"
backend = "pipx:ansible"
specifiers = ["14.4.0"]

[tools."pipx:ansible".options]
uvx_args = "--with-executables-from ansible-core --with-executables-from ansible-lint"

[[tools.python]]
version = "3.14.7"
backend = "core:python"
specifiers = ["3.14.7"]

[tools.python."platforms.linux-arm64"]
checksum = "sha256:4dba8d7e06199f841a9d6b54e4eb58d446a5c20c65085a916190dd0162c6e93b"
url = "https://github.com/astral-sh/python-build-standalone/releases/download/20260807/cpython-3.14.7+20260807-aarch64-unknown-linux-gnu-install_only_stripped.tar.gz"
provenance = "github-attestations"

[tools.python."platforms.linux-arm64-musl"]
checksum = "sha256:10be7fe15ba5d1e5cfee1c2d8a9c720f29621b873e1f147f0b0a07f23de20d1a"
url = "https://github.com/astral-sh/python-build-standalone/releases/download/20260807/cpython-3.14.7+20260807-aarch64-unknown-linux-musl-install_only_stripped.tar.gz"
provenance = "github-attestations"

[tools.python."platforms.linux-x64"]
checksum = "sha256:a2478d654ed51d443bae21ec20ad927f116b4f5aae4094ab74918a6aa38f0575"
url = "https://github.com/astral-sh/python-build-standalone/releases/download/20260807/cpython-3.14.7+20260807-x86_64-unknown-linux-gnu-install_only_stripped.tar.gz"
provenance = "github-attestations"

[tools.python."platforms.linux-x64-musl"]
checksum = "sha256:1fe25b50644b50b3333afa0d4013cc9cbab4dde4284c0154aebef4f53523ed99"
url = "https://github.com/astral-sh/python-build-standalone/releases/download/20260807/cpython-3.14.7+20260807-x86_64-unknown-linux-musl-install_only_stripped.tar.gz"
provenance = "github-attestations"

[tools.python."platforms.macos-arm64"]
checksum = "sha256:532645be202d3df8510ab318ca5faed92060a694c8327144e14fa81f31af0f6d"
url = "https://github.com/astral-sh/python-build-standalone/releases/download/20260807/cpython-3.14.7+20260807-aarch64-apple-darwin-install_only_stripped.tar.gz"
provenance = "github-attestations"

[tools.python."platforms.macos-x64"]
checksum = "sha256:9964e2d618ebea03be8ea3e65ab0ecc0f2b030ce203345b8f92654641fd4de66"
url = "https://github.com/astral-sh/python-build-standalone/releases/download/20260807/cpython-3.14.7+20260807-x86_64-apple-darwin-install_only_stripped.tar.gz"
provenance = "github-attestations"

[tools.python."platforms.windows-x64"]
checksum = "sha256:840e368318d1630bd8efbd3f7de8fab32cb4bbd735baef733f9034f2676c6a92"
url = "https://github.com/astral-sh/python-build-standalone/releases/download/20260807/cpython-3.14.7+20260807-x86_64-pc-windows-msvc-install_only_stripped.tar.gz"
provenance = "github-attestations"

[[tools.sops]]
version = "3.13.3"
backend = "aqua:getsops/sops"
specifiers = ["3.13.3"]

[tools.sops."platforms.linux-arm64"]
checksum = "sha256:53b0abacd38ef1b12a66d6c100956691b9cefce018d91f81e73ddf7438b94d77"
url = "https://github.com/getsops/sops/releases/download/v3.13.3/sops-v3.13.3.linux.arm64"
url_api = "https://api.github.com/repos/getsops/sops/releases/assets/486808229"

[tools.sops."platforms.linux-arm64".provenance.slsa]
url = "https://github.com/getsops/sops/releases/download/v3.13.3/sops-v3.13.3.intoto.jsonl"

[tools.sops."platforms.linux-arm64-musl"]
checksum = "sha256:53b0abacd38ef1b12a66d6c100956691b9cefce018d91f81e73ddf7438b94d77"
url = "https://github.com/getsops/sops/releases/download/v3.13.3/sops-v3.13.3.linux.arm64"
url_api = "https://api.github.com/repos/getsops/sops/releases/assets/486808229"

[tools.sops."platforms.linux-arm64-musl".provenance.slsa]
url = "https://github.com/getsops/sops/releases/download/v3.13.3/sops-v3.13.3.intoto.jsonl"

[tools.sops."platforms.linux-x64"]
checksum = "sha256:e5bec3346a873ae91d871550f3e698c1aad962aff462a080e40f25fde17fef6b"
url = "https://github.com/getsops/sops/releases/download/v3.13.3/sops-v3.13.3.linux.amd64"
url_api = "https://api.github.com/repos/getsops/sops/releases/assets/486808201"

[tools.sops."platforms.linux-x64".provenance.slsa]
url = "https://github.com/getsops/sops/releases/download/v3.13.3/sops-v3.13.3.intoto.jsonl"

[tools.sops."platforms.linux-x64-musl"]
checksum = "sha256:e5bec3346a873ae91d871550f3e698c1aad962aff462a080e40f25fde17fef6b"
url = "https://github.com/getsops/sops/releases/download/v3.13.3/sops-v3.13.3.linux.amd64"
url_api = "https://api.github.com/repos/getsops/sops/releases/assets/486808201"

[tools.sops."platforms.linux-x64-musl".provenance.slsa]
url = "https://github.com/getsops/sops/releases/download/v3.13.3/sops-v3.13.3.intoto.jsonl"

[tools.sops."platforms.macos-arm64"]
checksum = "sha256:b97c0d434aab577dc40310e8d22ff9e45eef4c80638ab978daae9b4681c59286"
url = "https://github.com/getsops/sops/releases/download/v3.13.3/sops-v3.13.3.darwin.arm64"
url_api = "https://api.github.com/repos/getsops/sops/releases/assets/486808198"

[tools.sops."platforms.macos-arm64".provenance.slsa]
url = "https://github.com/getsops/sops/releases/download/v3.13.3/sops-v3.13.3.intoto.jsonl"

[tools.sops."platforms.macos-x64"]
checksum = "sha256:42162d5cef10b74fcf80a045a70e658d7ce6e63d6ea1be6f347e44015714468d"
url = "https://github.com/getsops/sops/releases/download/v3.13.3/sops-v3.13.3.darwin.amd64"
url_api = "https://api.github.com/repos/getsops/sops/releases/assets/486808228"

[tools.sops."platforms.macos-x64".provenance.slsa]
url = "https://github.com/getsops/sops/releases/download/v3.13.3/sops-v3.13.3.intoto.jsonl"

[tools.sops."platforms.windows-x64"]
checksum = "sha256:a4a9a398858fe8b2ef72d9686d930bf7c5cece9be74ad83ac3b53cfdd70e6b1c"
url = "https://github.com/getsops/sops/releases/download/v3.13.3/sops-v3.13.3.amd64.exe"
url_api = "https://api.github.com/repos/getsops/sops/releases/assets/486808200"

[tools.sops."platforms.windows-x64".provenance.slsa]
url = "https://github.com/getsops/sops/releases/download/v3.13.3/sops-v3.13.3.intoto.jsonl"

[[tools.trufflehog]]
version = "3.97.4"
backend = "aqua:trufflesecurity/trufflehog"
specifiers = ["3.97.4"]

[tools.trufflehog."platforms.linux-arm64"]
checksum = "sha256:7e65e771d2a247964056aa5edba0f8ae3945895e5dce867fe0ffbc7b0128239a"
url = "https://github.com/trufflesecurity/trufflehog/releases/download/v3.97.4/trufflehog_3.97.4_linux_arm64.tar.gz"
url_api = "https://api.github.com/repos/trufflesecurity/trufflehog/releases/assets/543298487"

[tools.trufflehog."platforms.linux-arm64-musl"]
checksum = "sha256:7e65e771d2a247964056aa5edba0f8ae3945895e5dce867fe0ffbc7b0128239a"
url = "https://github.com/trufflesecurity/trufflehog/releases/download/v3.97.4/trufflehog_3.97.4_linux_arm64.tar.gz"
url_api = "https://api.github.com/repos/trufflesecurity/trufflehog/releases/assets/543298487"

[tools.trufflehog."platforms.linux-x64"]
checksum = "sha256:dc24007c2f233bd61c05beabeb44aa27ea9b43288166279209abe0458c5ce76b"
url = "https://github.com/trufflesecurity/trufflehog/releases/download/v3.97.4/trufflehog_3.97.4_linux_amd64.tar.gz"
url_api = "https://api.github.com/repos/trufflesecurity/trufflehog/releases/assets/543298488"

[tools.trufflehog."platforms.linux-x64-musl"]
checksum = "sha256:dc24007c2f233bd61c05beabeb44aa27ea9b43288166279209abe0458c5ce76b"
url = "https://github.com/trufflesecurity/trufflehog/releases/download/v3.97.4/trufflehog_3.97.4_linux_amd64.tar.gz"
url_api = "https://api.github.com/repos/trufflesecurity/trufflehog/releases/assets/543298488"

[tools.trufflehog."platforms.macos-arm64"]
checksum = "sha256:57e2a41c1e196cf96cae49ca2151f5e9207be2f5c41349b5ea49cb5dcfc606b7"
url = "https://github.com/trufflesecurity/trufflehog/releases/download/v3.97.4/trufflehog_3.97.4_darwin_arm64.tar.gz"
url_api = "https://api.github.com/repos/trufflesecurity/trufflehog/releases/assets/543298485"

[tools.trufflehog."platforms.macos-x64"]
checksum = "sha256:36799557198a2187e205ed2e8f2a8deb0073c4fe83157f2cd8a04717c1962074"
url = "https://github.com/trufflesecurity/trufflehog/releases/download/v3.97.4/trufflehog_3.97.4_darwin_amd64.tar.gz"
url_api = "https://api.github.com/repos/trufflesecurity/trufflehog/releases/assets/543298531"

[tools.trufflehog."platforms.windows-x64"]
checksum = "sha256:6ce9a957ac62bfb19463048333d9e8481327dbbf5bdc0c43f5ab5327b9631fb9"
url = "https://github.com/trufflesecurity/trufflehog/releases/download/v3.97.4/trufflehog_3.97.4_windows_amd64.tar.gz"
url_api = "https://api.github.com/repos/trufflesecurity/trufflehog/releases/assets/543298525"

[[tools.uv]]
version = "0.12.13"
backend = "aqua:astral-sh/uv"
specifiers = ["0.12.13"]

[tools.uv."platforms.linux-arm64"]
checksum = "sha256:2eaa5d94f5db7b3a1a092156b9420459e42ab0217d917fe74a876309cef9b5e9"
url = "https://github.com/astral-sh/uv/releases/download/0.12.13/uv-aarch64-unknown-linux-gnu.tar.gz"
url_api = "https://api.github.com/repos/astral-sh/uv/releases/assets/555670186"
provenance = "github-attestations"

[tools.uv."platforms.linux-arm64-musl"]
checksum = "sha256:f44bc1037a17889fe562fffd2002d4ed108e499fbe68b4f022af244dc7b8244f"
url = "https://github.com/astral-sh/uv/releases/download/0.12.13/uv-aarch64-unknown-linux-musl.tar.gz"
url_api = "https://api.github.com/repos/astral-sh/uv/releases/assets/555670202"
provenance = "github-attestations"

[tools.uv."platforms.linux-x64"]
checksum = "sha256:745765a3b6e360ad76743599ae5c42e9278c7edf8bbff9fc76d05bf2623a04dd"
url = "https://github.com/astral-sh/uv/releases/download/0.12.13/uv-x86_64-unknown-linux-gnu.tar.gz"
url_api = "https://api.github.com/repos/astral-sh/uv/releases/assets/555670375"
provenance = "github-attestations"

[tools.uv."platforms.linux-x64-musl"]
checksum = "sha256:4e2bfd0c9007b1032a50e539e965fd0a6037d87ad93ae1580d220a92d4c94098"
url = "https://github.com/astral-sh/uv/releases/download/0.12.13/uv-x86_64-unknown-linux-musl.tar.gz"
url_api = "https://api.github.com/repos/astral-sh/uv/releases/assets/555670382"
provenance = "github-attestations"

[tools.uv."platforms.macos-arm64"]
checksum = "sha256:7e6ddb9316acc00f2296c82ff4d99977870ee34b2f0ddcae9444d714db9364ed"
url = "https://github.com/astral-sh/uv/releases/download/0.12.13/uv-aarch64-apple-darwin.tar.gz"
url_api = "https://api.github.com/repos/astral-sh/uv/releases/assets/555670160"
provenance = "github-attestations"

[tools.uv."platforms.macos-x64"]
checksum = "sha256:5e287ef61cb6a9b61b3a83fef124fd143e400468a7dac794230147a810e17119"
url = "https://github.com/astral-sh/uv/releases/download/0.12.13/uv-x86_64-apple-darwin.tar.gz"
url_api = "https://api.github.com/repos/astral-sh/uv/releases/assets/555670348"
provenance = "github-attestations"

[tools.uv."platforms.windows-x64"]
checksum = "sha256:a86c9dc7bad9b03f388583b7187c05fe9951c2e0d392217e8fd43d97787f6ec2"
url = "https://github.com/astral-sh/uv/releases/download/0.12.13/uv-x86_64-pc-windows-msvc.zip"
url_api = "https://api.github.com/repos/astral-sh/uv/releases/assets/555670362"
provenance = "github-attestations"
